using System;
namespace Pimc
{
    internal class Program
    {
        static void Main(string[] args)
        {
            float alt, peso, imc;
            int sexo;

            Console.WriteLine("Qual seu sexo?");
            Console.WriteLine("1- Masculino \n2- Feminino");
            sexo = int.Parse(Console.ReadLine());

            Console.WriteLine("");

            Console.WriteLine("Qual sua altura? (em metros)");
            alt = float.Parse(Console.ReadLine());

            if (sexo == 1)
            {
                peso = 72.7f * alt - 58;
            }
            else
            {
                peso = 62.1f * alt - 44.7f;
            }

            Console.WriteLine("");

            Console.WriteLine("Seu peso ideal é de " + peso + "kg");

            Console.WriteLine("");

            Console.WriteLine("Qual seu peso atual?");
            peso = float.Parse(Console.ReadLine());

            Console.WriteLine("");

            //IMC
            // imc < 18.5->magreza
            // imc >= 18.5 < 25 -> ideal
            // imc >= 25 < 30 -> sobrepeso
            // imc >= 30 < 40 -> obesidade
            // imc >= 40 -> obesidade grave

            imc = peso / (alt * alt);

            if (imc < 18.5)
            {
                Console.WriteLine("Seu IMC é " + imc + ". Você está abaixo do peso.");
            }
            else if (imc >= 18.5 && imc < 25)
            {
                Console.WriteLine("Seu IMC é " + imc + ". Você está no peso ideal.");
            }
            else if (imc >= 25 && imc < 30)
            {
                Console.WriteLine("Seu IMC é " + imc + ". Você está em sobrepeso.");
            }
            else if (imc >= 30 && imc < 40)
            {
                Console.WriteLine("Seu IMC é " + imc + ". Você está com obesidade.");
            }
            else
            {
                Console.WriteLine("Seu IMC é " + imc + ". Você está com obesidade grave.");
            }
        }
    }
}
